
Microsoft Visual Studio Solution File, Format Version 12.00
# Visual Studio Version 16
VisualStudioVersion = 16.0.29613.14
MinimumVisualStudioVersion = 10.0.40219.1
Project("{C7167F0D-BC9F-4E6E-AFE1-012C56B48DB5}") = "RedirectToDefaultBrowser", "RedirectToDefaultBrowser\RedirectToDefaultBrowser.wapproj", "{51AD8DCD-3F41-4AE5-8FAB-37569313E566}"
EndProject
Project("{FAE04EC0-301F-11D3-BF4B-00C04F79EFBC}") = "UserInterface", "UserInterface\UserInterface.csproj", "{DC64D822-5E06-4D0D-B57D-350C6FF066C5}"
EndProject
Project("{9A19103F-16F7-4668-BE54-9A1E7A4F7556}") = "Shared", "Shared\Shared.csproj", "{0826A44C-5690-4516-AFCC-8A837C88AFFC}"
EndProject
Project("{9A19103F-16F7-4668-BE54-9A1E7A4F7556}") = "AppLauncher", "AppLauncher\AppLauncher.csproj", "{5E54DAE7-F4E2-4F54-9B15-F929FC17B932}"
EndProject
Project("{2150E333-8FDC-42A3-9474-1A3956D46DE8}") = "Solution Items", "Solution Items", "{1A42C0A7-04AE-4749-89C5-B1E796264D8B}"
	ProjectSection(SolutionItems) = preProject
		Directory.Build.props = Directory.Build.props
	EndProjectSection
EndProject
Global
	GlobalSection(SolutionConfigurationPlatforms) = preSolution
		Debug|Any CPU = Debug|Any CPU
		Debug|ARM = Debug|ARM
		Debug|ARM64 = Debug|ARM64
		Debug|x64 = Debug|x64
		Debug|x86 = Debug|x86
		Release|Any CPU = Release|Any CPU
		Release|ARM = Release|ARM
		Release|ARM64 = Release|ARM64
		Release|x64 = Release|x64
		Release|x86 = Release|x86
	EndGlobalSection
	GlobalSection(ProjectConfigurationPlatforms) = postSolution
		{51AD8DCD-3F41-4AE5-8FAB-37569313E566}.Debug|Any CPU.ActiveCfg = Debug|Any CPU
		{51AD8DCD-3F41-4AE5-8FAB-37569313E566}.Debug|Any CPU.Build.0 = Debug|Any CPU
		{51AD8DCD-3F41-4AE5-8FAB-37569313E566}.Debug|Any CPU.Deploy.0 = Debug|Any CPU
		{51AD8DCD-3F41-4AE5-8FAB-37569313E566}.Debug|ARM.ActiveCfg = Debug|ARM
		{51AD8DCD-3F41-4AE5-8FAB-37569313E566}.Debug|ARM.Build.0 = Debug|ARM
		{51AD8DCD-3F41-4AE5-8FAB-37569313E566}.Debug|ARM.Deploy.0 = Debug|ARM
		{51AD8DCD-3F41-4AE5-8FAB-37569313E566}.Debug|ARM64.ActiveCfg = Debug|ARM64
		{51AD8DCD-3F41-4AE5-8FAB-37569313E566}.Debug|ARM64.Build.0 = Debug|ARM64
		{51AD8DCD-3F41-4AE5-8FAB-37569313E566}.Debug|ARM64.Deploy.0 = Debug|ARM64
		{51AD8DCD-3F41-4AE5-8FAB-37569313E566}.Debug|x64.ActiveCfg = Debug|x64
		{51AD8DCD-3F41-4AE5-8FAB-37569313E566}.Debug|x64.Build.0 = Debug|x64
		{51AD8DCD-3F41-4AE5-8FAB-37569313E566}.Debug|x64.Deploy.0 = Debug|x64
		{51AD8DCD-3F41-4AE5-8FAB-37569313E566}.Debug|x86.ActiveCfg = Debug|x86
		{51AD8DCD-3F41-4AE5-8FAB-37569313E566}.Debug|x86.Build.0 = Debug|x86
		{51AD8DCD-3F41-4AE5-8FAB-37569313E566}.Debug|x86.Deploy.0 = Debug|x86
		{51AD8DCD-3F41-4AE5-8FAB-37569313E566}.Release|Any CPU.ActiveCfg = Release|Any CPU
		{51AD8DCD-3F41-4AE5-8FAB-37569313E566}.Release|Any CPU.Build.0 = Release|Any CPU
		{51AD8DCD-3F41-4AE5-8FAB-37569313E566}.Release|Any CPU.Deploy.0 = Release|Any CPU
		{51AD8DCD-3F41-4AE5-8FAB-37569313E566}.Release|ARM.ActiveCfg = Debug|ARM
		{51AD8DCD-3F41-4AE5-8FAB-37569313E566}.Release|ARM.Build.0 = Debug|ARM
		{51AD8DCD-3F41-4AE5-8FAB-37569313E566}.Release|ARM.Deploy.0 = Debug|ARM
		{51AD8DCD-3F41-4AE5-8FAB-37569313E566}.Release|ARM64.ActiveCfg = Release|ARM64
		{51AD8DCD-3F41-4AE5-8FAB-37569313E566}.Release|ARM64.Build.0 = Release|ARM64
		{51AD8DCD-3F41-4AE5-8FAB-37569313E566}.Release|ARM64.Deploy.0 = Release|ARM64
		{51AD8DCD-3F41-4AE5-8FAB-37569313E566}.Release|x64.ActiveCfg = Release|x64
		{51AD8DCD-3F41-4AE5-8FAB-37569313E566}.Release|x64.Build.0 = Release|x64
		{51AD8DCD-3F41-4AE5-8FAB-37569313E566}.Release|x64.Deploy.0 = Release|x64
		{51AD8DCD-3F41-4AE5-8FAB-37569313E566}.Release|x86.ActiveCfg = Release|x86
		{51AD8DCD-3F41-4AE5-8FAB-37569313E566}.Release|x86.Build.0 = Release|x86
		{51AD8DCD-3F41-4AE5-8FAB-37569313E566}.Release|x86.Deploy.0 = Release|x86
		{DC64D822-5E06-4D0D-B57D-350C6FF066C5}.Debug|Any CPU.ActiveCfg = Debug|x86
		{DC64D822-5E06-4D0D-B57D-350C6FF066C5}.Debug|ARM.ActiveCfg = Debug|ARM
		{DC64D822-5E06-4D0D-B57D-350C6FF066C5}.Debug|ARM.Build.0 = Debug|ARM
		{DC64D822-5E06-4D0D-B57D-350C6FF066C5}.Debug|ARM.Deploy.0 = Debug|ARM
		{DC64D822-5E06-4D0D-B57D-350C6FF066C5}.Debug|ARM64.ActiveCfg = Debug|ARM64
		{DC64D822-5E06-4D0D-B57D-350C6FF066C5}.Debug|ARM64.Build.0 = Debug|ARM64
		{DC64D822-5E06-4D0D-B57D-350C6FF066C5}.Debug|ARM64.Deploy.0 = Debug|ARM64
		{DC64D822-5E06-4D0D-B57D-350C6FF066C5}.Debug|x64.ActiveCfg = Debug|x64
		{DC64D822-5E06-4D0D-B57D-350C6FF066C5}.Debug|x64.Build.0 = Debug|x64
		{DC64D822-5E06-4D0D-B57D-350C6FF066C5}.Debug|x64.Deploy.0 = Debug|x64
		{DC64D822-5E06-4D0D-B57D-350C6FF066C5}.Debug|x86.ActiveCfg = Debug|x86
		{DC64D822-5E06-4D0D-B57D-350C6FF066C5}.Debug|x86.Build.0 = Debug|x86
		{DC64D822-5E06-4D0D-B57D-350C6FF066C5}.Debug|x86.Deploy.0 = Debug|x86
		{DC64D822-5E06-4D0D-B57D-350C6FF066C5}.Release|Any CPU.ActiveCfg = Release|x86
		{DC64D822-5E06-4D0D-B57D-350C6FF066C5}.Release|ARM.ActiveCfg = Debug|ARM
		{DC64D822-5E06-4D0D-B57D-350C6FF066C5}.Release|ARM.Build.0 = Debug|ARM
		{DC64D822-5E06-4D0D-B57D-350C6FF066C5}.Release|ARM.Deploy.0 = Debug|ARM
		{DC64D822-5E06-4D0D-B57D-350C6FF066C5}.Release|ARM64.ActiveCfg = Release|ARM64
		{DC64D822-5E06-4D0D-B57D-350C6FF066C5}.Release|ARM64.Build.0 = Release|ARM64
		{DC64D822-5E06-4D0D-B57D-350C6FF066C5}.Release|ARM64.Deploy.0 = Release|ARM64
		{DC64D822-5E06-4D0D-B57D-350C6FF066C5}.Release|x64.ActiveCfg = Release|x64
		{DC64D822-5E06-4D0D-B57D-350C6FF066C5}.Release|x64.Build.0 = Release|x64
		{DC64D822-5E06-4D0D-B57D-350C6FF066C5}.Release|x64.Deploy.0 = Release|x64
		{DC64D822-5E06-4D0D-B57D-350C6FF066C5}.Release|x86.ActiveCfg = Release|x86
		{DC64D822-5E06-4D0D-B57D-350C6FF066C5}.Release|x86.Build.0 = Release|x86
		{DC64D822-5E06-4D0D-B57D-350C6FF066C5}.Release|x86.Deploy.0 = Release|x86
		{0826A44C-5690-4516-AFCC-8A837C88AFFC}.Debug|Any CPU.ActiveCfg = Debug|Any CPU
		{0826A44C-5690-4516-AFCC-8A837C88AFFC}.Debug|Any CPU.Build.0 = Debug|Any CPU
		{0826A44C-5690-4516-AFCC-8A837C88AFFC}.Debug|ARM.ActiveCfg = Debug|Any CPU
		{0826A44C-5690-4516-AFCC-8A837C88AFFC}.Debug|ARM.Build.0 = Debug|Any CPU
		{0826A44C-5690-4516-AFCC-8A837C88AFFC}.Debug|ARM64.ActiveCfg = Debug|Any CPU
		{0826A44C-5690-4516-AFCC-8A837C88AFFC}.Debug|ARM64.Build.0 = Debug|Any CPU
		{0826A44C-5690-4516-AFCC-8A837C88AFFC}.Debug|x64.ActiveCfg = Debug|Any CPU
		{0826A44C-5690-4516-AFCC-8A837C88AFFC}.Debug|x64.Build.0 = Debug|Any CPU
		{0826A44C-5690-4516-AFCC-8A837C88AFFC}.Debug|x86.ActiveCfg = Debug|Any CPU
		{0826A44C-5690-4516-AFCC-8A837C88AFFC}.Debug|x86.Build.0 = Debug|Any CPU
		{0826A44C-5690-4516-AFCC-8A837C88AFFC}.Release|Any CPU.ActiveCfg = Release|Any CPU
		{0826A44C-5690-4516-AFCC-8A837C88AFFC}.Release|Any CPU.Build.0 = Release|Any CPU
		{0826A44C-5690-4516-AFCC-8A837C88AFFC}.Release|ARM.ActiveCfg = Debug|Any CPU
		{0826A44C-5690-4516-AFCC-8A837C88AFFC}.Release|ARM.Build.0 = Debug|Any CPU
		{0826A44C-5690-4516-AFCC-8A837C88AFFC}.Release|ARM64.ActiveCfg = Release|Any CPU
		{0826A44C-5690-4516-AFCC-8A837C88AFFC}.Release|ARM64.Build.0 = Release|Any CPU
		{0826A44C-5690-4516-AFCC-8A837C88AFFC}.Release|x64.ActiveCfg = Release|Any CPU
		{0826A44C-5690-4516-AFCC-8A837C88AFFC}.Release|x64.Build.0 = Release|Any CPU
		{0826A44C-5690-4516-AFCC-8A837C88AFFC}.Release|x86.ActiveCfg = Release|Any CPU
		{0826A44C-5690-4516-AFCC-8A837C88AFFC}.Release|x86.Build.0 = Release|Any CPU
		{5E54DAE7-F4E2-4F54-9B15-F929FC17B932}.Debug|Any CPU.ActiveCfg = Debug|Any CPU
		{5E54DAE7-F4E2-4F54-9B15-F929FC17B932}.Debug|Any CPU.Build.0 = Debug|Any CPU
		{5E54DAE7-F4E2-4F54-9B15-F929FC17B932}.Debug|ARM.ActiveCfg = Debug|Any CPU
		{5E54DAE7-F4E2-4F54-9B15-F929FC17B932}.Debug|ARM.Build.0 = Debug|Any CPU
		{5E54DAE7-F4E2-4F54-9B15-F929FC17B932}.Debug|ARM64.ActiveCfg = Debug|Any CPU
		{5E54DAE7-F4E2-4F54-9B15-F929FC17B932}.Debug|ARM64.Build.0 = Debug|Any CPU
		{5E54DAE7-F4E2-4F54-9B15-F929FC17B932}.Debug|x64.ActiveCfg = Debug|Any CPU
		{5E54DAE7-F4E2-4F54-9B15-F929FC17B932}.Debug|x64.Build.0 = Debug|Any CPU
		{5E54DAE7-F4E2-4F54-9B15-F929FC17B932}.Debug|x86.ActiveCfg = Debug|Any CPU
		{5E54DAE7-F4E2-4F54-9B15-F929FC17B932}.Debug|x86.Build.0 = Debug|Any CPU
		{5E54DAE7-F4E2-4F54-9B15-F929FC17B932}.Release|Any CPU.ActiveCfg = Release|Any CPU
		{5E54DAE7-F4E2-4F54-9B15-F929FC17B932}.Release|Any CPU.Build.0 = Release|Any CPU
		{5E54DAE7-F4E2-4F54-9B15-F929FC17B932}.Release|ARM.ActiveCfg = Debug|Any CPU
		{5E54DAE7-F4E2-4F54-9B15-F929FC17B932}.Release|ARM.Build.0 = Debug|Any CPU
		{5E54DAE7-F4E2-4F54-9B15-F929FC17B932}.Release|ARM64.ActiveCfg = Release|Any CPU
		{5E54DAE7-F4E2-4F54-9B15-F929FC17B932}.Release|ARM64.Build.0 = Release|Any CPU
		{5E54DAE7-F4E2-4F54-9B15-F929FC17B932}.Release|x64.ActiveCfg = Release|Any CPU
		{5E54DAE7-F4E2-4F54-9B15-F929FC17B932}.Release|x64.Build.0 = Release|Any CPU
		{5E54DAE7-F4E2-4F54-9B15-F929FC17B932}.Release|x86.ActiveCfg = Release|Any CPU
		{5E54DAE7-F4E2-4F54-9B15-F929FC17B932}.Release|x86.Build.0 = Release|Any CPU
	EndGlobalSection
	GlobalSection(SolutionProperties) = preSolution
		HideSolutionNode = FALSE
	EndGlobalSection
	GlobalSection(ExtensibilityGlobals) = postSolution
		SolutionGuid = {A91FFC69-0542-41EE-BD47-AEDE241581F3}
	EndGlobalSection
EndGlobal
